# This file was autogenerated by Stack.
# You should not edit this file by hand.
# For more information, please see the documentation at:
#   https://docs.haskellstack.org/en/stable/lock_files

packages:
- completed:
    hackage: clock-0.7.2@sha256:c5c2514aead260101c7528d10bf0f41d9d1d7b919136e2dff77a57ec16740bd2,3820
    pantry-tree:
      sha256: 53ac32a3a03f5bf9409617970725a09f0d249ff212c90b18050d4ade51c03f4d
      size: 387
  original:
    hackage: clock-0.7.2
snapshots:
- completed:
    sha256: 8017c7970c2a8a9510c60cc70ac245d59e0c34eb932b91d37af09fe59855d854
    size: 640038
    url: https://raw.githubusercontent.com/commercialhaskell/stackage-snapshots/master/lts/21/13.yaml
  original: lts-21.13
